{
  "name": "workspace",
  "version": "1.0.0",
  "lockfileVersion": 1,
  "requires": true,
  "dependencies": {
    "react-flux-dash": {
      "version": "1.0.3",
      "resolved": "https://registry.npmjs.org/react-flux-dash/-/react-flux-dash-1.0.3.tgz",
      "integrity": "sha1-8QFeGjkWyOwgmCA4ChFESn+FVPo="
    }
  }
}
